
Microsoft Visual Studio Solution File, Format Version 12.00
# Visual Studio Version 17
VisualStudioVersion = 17.9.34728.123
MinimumVisualStudioVersion = 10.0.40219.1
Project("{FAE04EC0-301F-11D3-BF4B-00C04F79EFBC}") = "MotoComparisonWeb", "MotoComparisonWeb\MotoComparisonWeb.csproj", "{B31ACA46-FE8F-4339-8530-8F1FC2E22B0E}"
EndProject
Global
	GlobalSection(SolutionConfigurationPlatforms) = preSolution
		Debug|Any CPU = Debug|Any CPU
		Release|Any CPU = Release|Any CPU
	EndGlobalSection
	GlobalSection(ProjectConfigurationPlatforms) = postSolution
		{B31ACA46-FE8F-4339-8530-8F1FC2E22B0E}.Debug|Any CPU.ActiveCfg = Debug|Any CPU
		{B31ACA46-FE8F-4339-8530-8F1FC2E22B0E}.Debug|Any CPU.Build.0 = Debug|Any CPU
		{B31ACA46-FE8F-4339-8530-8F1FC2E22B0E}.Release|Any CPU.ActiveCfg = Release|Any CPU
		{B31ACA46-FE8F-4339-8530-8F1FC2E22B0E}.Release|Any CPU.Build.0 = Release|Any CPU
	EndGlobalSection
	GlobalSection(SolutionProperties) = preSolution
		HideSolutionNode = FALSE
	EndGlobalSection
	GlobalSection(ExtensibilityGlobals) = postSolution
		SolutionGuid = {B75552AD-FFD4-4D8E-B13D-48E841ECAA34}
	EndGlobalSection
EndGlobal
